
Microsoft Visual Studio Solution File, Format Version 12.00
# Visual Studio 14
VisualStudioVersion = 14.0.25420.1
MinimumVisualStudioVersion = 10.0.40219.1
Project("{2150E333-8FDC-42A3-9474-1A3956D46DE8}") = "Engine", "Engine", "{335FD96F-A401-4EFA-AA00-1FDE904DD8CF}"
EndProject
Project("{2150E333-8FDC-42A3-9474-1A3956D46DE8}") = "Games", "Games", "{491D1F25-4B1E-400E-8B1A-A131FB32669C}"
EndProject
Project("{8BC9CEB8-8B4A-11D0-8D11-00A0C91BC942}") = "UE4", "Intermediate\ProjectFiles\UE4.vcxproj", "{37240B65-D2F1-4821-BE75-B2D23BB82A52}"
EndProject
Project("{8BC9CEB8-8B4A-11D0-8D11-00A0C91BC942}") = "OnTheBottom", "Intermediate\ProjectFiles\OnTheBottom.vcxproj", "{8C48808F-2CB1-42A9-86FC-6B5F78238F29}"
EndProject
Global
	GlobalSection(SolutionConfigurationPlatforms) = preSolution
		DebugGame Editor|Android = DebugGame Editor|Android
		DebugGame Editor|Win32 = DebugGame Editor|Win32
		DebugGame Editor|Win64 = DebugGame Editor|Win64
		DebugGame|Android = DebugGame|Android
		DebugGame|Win32 = DebugGame|Win32
		DebugGame|Win64 = DebugGame|Win64
		Development Editor|Android = Development Editor|Android
		Development Editor|Win32 = Development Editor|Win32
		Development Editor|Win64 = Development Editor|Win64
		Development|Android = Development|Android
		Development|Win32 = Development|Win32
		Development|Win64 = Development|Win64
		Shipping|Android = Shipping|Android
		Shipping|Win32 = Shipping|Win32
		Shipping|Win64 = Shipping|Win64
	EndGlobalSection
	GlobalSection(ProjectConfigurationPlatforms) = postSolution
		{37240B65-D2F1-4821-BE75-B2D23BB82A52}.DebugGame Editor|Android.ActiveCfg = BuiltWithUnrealBuildTool|Win32
		{37240B65-D2F1-4821-BE75-B2D23BB82A52}.DebugGame Editor|Android.Build.0 = BuiltWithUnrealBuildTool|Win32
		{37240B65-D2F1-4821-BE75-B2D23BB82A52}.DebugGame Editor|Win32.ActiveCfg = BuiltWithUnrealBuildTool|Win32
		{37240B65-D2F1-4821-BE75-B2D23BB82A52}.DebugGame Editor|Win32.Build.0 = BuiltWithUnrealBuildTool|Win32
		{37240B65-D2F1-4821-BE75-B2D23BB82A52}.DebugGame Editor|Win64.ActiveCfg = BuiltWithUnrealBuildTool|Win32
		{37240B65-D2F1-4821-BE75-B2D23BB82A52}.DebugGame Editor|Win64.Build.0 = BuiltWithUnrealBuildTool|Win32
		{37240B65-D2F1-4821-BE75-B2D23BB82A52}.DebugGame|Android.ActiveCfg = BuiltWithUnrealBuildTool|Win32
		{37240B65-D2F1-4821-BE75-B2D23BB82A52}.DebugGame|Android.Build.0 = BuiltWithUnrealBuildTool|Win32
		{37240B65-D2F1-4821-BE75-B2D23BB82A52}.DebugGame|Win32.ActiveCfg = BuiltWithUnrealBuildTool|Win32
		{37240B65-D2F1-4821-BE75-B2D23BB82A52}.DebugGame|Win32.Build.0 = BuiltWithUnrealBuildTool|Win32
		{37240B65-D2F1-4821-BE75-B2D23BB82A52}.DebugGame|Win64.ActiveCfg = BuiltWithUnrealBuildTool|Win32
		{37240B65-D2F1-4821-BE75-B2D23BB82A52}.DebugGame|Win64.Build.0 = BuiltWithUnrealBuildTool|Win32
		{37240B65-D2F1-4821-BE75-B2D23BB82A52}.Development Editor|Android.ActiveCfg = BuiltWithUnrealBuildTool|Win32
		{37240B65-D2F1-4821-BE75-B2D23BB82A52}.Development Editor|Android.Build.0 = BuiltWithUnrealBuildTool|Win32
		{37240B65-D2F1-4821-BE75-B2D23BB82A52}.Development Editor|Win32.ActiveCfg = BuiltWithUnrealBuildTool|Win32
		{37240B65-D2F1-4821-BE75-B2D23BB82A52}.Development Editor|Win32.Build.0 = BuiltWithUnrealBuildTool|Win32
		{37240B65-D2F1-4821-BE75-B2D23BB82A52}.Development Editor|Win64.ActiveCfg = BuiltWithUnrealBuildTool|Win32
		{37240B65-D2F1-4821-BE75-B2D23BB82A52}.Development Editor|Win64.Build.0 = BuiltWithUnrealBuildTool|Win32
		{37240B65-D2F1-4821-BE75-B2D23BB82A52}.Development|Android.ActiveCfg = BuiltWithUnrealBuildTool|Win32
		{37240B65-D2F1-4821-BE75-B2D23BB82A52}.Development|Android.Build.0 = BuiltWithUnrealBuildTool|Win32
		{37240B65-D2F1-4821-BE75-B2D23BB82A52}.Development|Win32.ActiveCfg = BuiltWithUnrealBuildTool|Win32
		{37240B65-D2F1-4821-BE75-B2D23BB82A52}.Development|Win32.Build.0 = BuiltWithUnrealBuildTool|Win32
		{37240B65-D2F1-4821-BE75-B2D23BB82A52}.Development|Win64.ActiveCfg = BuiltWithUnrealBuildTool|Win32
		{37240B65-D2F1-4821-BE75-B2D23BB82A52}.Development|Win64.Build.0 = BuiltWithUnrealBuildTool|Win32
		{37240B65-D2F1-4821-BE75-B2D23BB82A52}.Shipping|Android.ActiveCfg = BuiltWithUnrealBuildTool|Win32
		{37240B65-D2F1-4821-BE75-B2D23BB82A52}.Shipping|Android.Build.0 = BuiltWithUnrealBuildTool|Win32
		{37240B65-D2F1-4821-BE75-B2D23BB82A52}.Shipping|Win32.ActiveCfg = BuiltWithUnrealBuildTool|Win32
		{37240B65-D2F1-4821-BE75-B2D23BB82A52}.Shipping|Win32.Build.0 = BuiltWithUnrealBuildTool|Win32
		{37240B65-D2F1-4821-BE75-B2D23BB82A52}.Shipping|Win64.ActiveCfg = BuiltWithUnrealBuildTool|Win32
		{37240B65-D2F1-4821-BE75-B2D23BB82A52}.Shipping|Win64.Build.0 = BuiltWithUnrealBuildTool|Win32
		{8C48808F-2CB1-42A9-86FC-6B5F78238F29}.DebugGame Editor|Android.ActiveCfg = DebugGame_Editor|Tegra-Android
		{8C48808F-2CB1-42A9-86FC-6B5F78238F29}.DebugGame Editor|Win32.ActiveCfg = DebugGame_Editor|Win32
		{8C48808F-2CB1-42A9-86FC-6B5F78238F29}.DebugGame Editor|Win64.ActiveCfg = DebugGame_Editor|x64
		{8C48808F-2CB1-42A9-86FC-6B5F78238F29}.DebugGame Editor|Win64.Build.0 = DebugGame_Editor|x64
		{8C48808F-2CB1-42A9-86FC-6B5F78238F29}.DebugGame|Android.ActiveCfg = DebugGame_Game|Tegra-Android
		{8C48808F-2CB1-42A9-86FC-6B5F78238F29}.DebugGame|Android.Build.0 = DebugGame_Game|Tegra-Android
		{8C48808F-2CB1-42A9-86FC-6B5F78238F29}.DebugGame|Win32.ActiveCfg = DebugGame_Game|Win32
		{8C48808F-2CB1-42A9-86FC-6B5F78238F29}.DebugGame|Win32.Build.0 = DebugGame_Game|Win32
		{8C48808F-2CB1-42A9-86FC-6B5F78238F29}.DebugGame|Win64.ActiveCfg = DebugGame_Game|x64
		{8C48808F-2CB1-42A9-86FC-6B5F78238F29}.DebugGame|Win64.Build.0 = DebugGame_Game|x64
		{8C48808F-2CB1-42A9-86FC-6B5F78238F29}.Development Editor|Android.ActiveCfg = Development_Editor|Tegra-Android
		{8C48808F-2CB1-42A9-86FC-6B5F78238F29}.Development Editor|Win32.ActiveCfg = Development_Editor|Win32
		{8C48808F-2CB1-42A9-86FC-6B5F78238F29}.Development Editor|Win64.ActiveCfg = Development_Editor|x64
		{8C48808F-2CB1-42A9-86FC-6B5F78238F29}.Development Editor|Win64.Build.0 = Development_Editor|x64
		{8C48808F-2CB1-42A9-86FC-6B5F78238F29}.Development|Android.ActiveCfg = Development_Game|Tegra-Android
		{8C48808F-2CB1-42A9-86FC-6B5F78238F29}.Development|Android.Build.0 = Development_Game|Tegra-Android
		{8C48808F-2CB1-42A9-86FC-6B5F78238F29}.Development|Win32.ActiveCfg = Development_Game|Win32
		{8C48808F-2CB1-42A9-86FC-6B5F78238F29}.Development|Win32.Build.0 = Development_Game|Win32
		{8C48808F-2CB1-42A9-86FC-6B5F78238F29}.Development|Win64.ActiveCfg = Development_Game|x64
		{8C48808F-2CB1-42A9-86FC-6B5F78238F29}.Development|Win64.Build.0 = Development_Game|x64
		{8C48808F-2CB1-42A9-86FC-6B5F78238F29}.Shipping|Android.ActiveCfg = Shipping_Game|Tegra-Android
		{8C48808F-2CB1-42A9-86FC-6B5F78238F29}.Shipping|Android.Build.0 = Shipping_Game|Tegra-Android
		{8C48808F-2CB1-42A9-86FC-6B5F78238F29}.Shipping|Win32.ActiveCfg = Shipping_Game|Win32
		{8C48808F-2CB1-42A9-86FC-6B5F78238F29}.Shipping|Win32.Build.0 = Shipping_Game|Win32
		{8C48808F-2CB1-42A9-86FC-6B5F78238F29}.Shipping|Win64.ActiveCfg = Shipping_Game|x64
		{8C48808F-2CB1-42A9-86FC-6B5F78238F29}.Shipping|Win64.Build.0 = Shipping_Game|x64
	EndGlobalSection
	GlobalSection(SolutionProperties) = preSolution
		HideSolutionNode = FALSE
	EndGlobalSection
	GlobalSection(NestedProjects) = preSolution
		{37240B65-D2F1-4821-BE75-B2D23BB82A52} = {335FD96F-A401-4EFA-AA00-1FDE904DD8CF}
		{8C48808F-2CB1-42A9-86FC-6B5F78238F29} = {491D1F25-4B1E-400E-8B1A-A131FB32669C}
	EndGlobalSection
EndGlobal
